// !$*UTF8*$!
{
	archiveVersion = 1;
	classes = {
	};
	objectVersion = 56;
	objects = {

/* Begin PBXBuildFile section */
		B229B56C2C3F5B9200C4A3FC /* GraphView.swift in Sources */ = {isa = PBXBuildFile; fileRef = B229B56B2C3F5B9200C4A3FC /* GraphView.swift */; };
		B229B56E2C40A4B900C4A3FC /* DiskManager.swift in Sources */ = {isa = PBXBuildFile; fileRef = B229B56D2C40A4B900C4A3FC /* DiskManager.swift */; };
		B229B5732C427A1400C4A3FC /* disk_speed_test.c in Sources */ = {isa = PBXBuildFile; fileRef = B229B5722C427A1400C4A3FC /* disk_speed_test.c */; };
		B229B5752C43CA6B00C4A3FC /* Extensions.swift in Sources */ = {isa = PBXBuildFile; fileRef = B229B5742C43CA6B00C4A3FC /* Extensions.swift */; };
		B229B5772C43CB5C00C4A3FC /* DiskDetails.swift in Sources */ = {isa = PBXBuildFile; fileRef = B229B5762C43CB5C00C4A3FC /* DiskDetails.swift */; };
		B256A9B62C39C14200A10BA5 /* ContentView.swift in Sources */ = {isa = PBXBuildFile; fileRef = B256A9B52C39C14200A10BA5 /* ContentView.swift */; };
		B256A9B82C39C14400A10BA5 /* Assets.xcassets in Resources */ = {isa = PBXBuildFile; fileRef = B256A9B72C39C14400A10BA5 /* Assets.xcassets */; };
		B256A9E92C3A079300A10BA5 /* GaugeView.swift in Sources */ = {isa = PBXBuildFile; fileRef = B256A9E82C3A079300A10BA5 /* GaugeView.swift */; };
		B2B2D43D2C3A2CBE0075FAF0 /* ResultsView.swift in Sources */ = {isa = PBXBuildFile; fileRef = B2B2D43C2C3A2CBE0075FAF0 /* ResultsView.swift */; };
		B2B2D43F2C3A2F380075FAF0 /* DiskIOView.swift in Sources */ = {isa = PBXBuildFile; fileRef = B2B2D43E2C3A2F380075FAF0 /* DiskIOView.swift */; };
		B2B2D4412C3A2F590075FAF0 /* DiskIO.swift in Sources */ = {isa = PBXBuildFile; fileRef = B2B2D4402C3A2F590075FAF0 /* DiskIO.swift */; };
		B2B2D4472C3A3F2B0075FAF0 /* AppDelegate.swift in Sources */ = {isa = PBXBuildFile; fileRef = B2B2D4462C3A3F2B0075FAF0 /* AppDelegate.swift */; };
/* End PBXBuildFile section */

/* Begin PBXFileReference section */
		B229B56B2C3F5B9200C4A3FC /* GraphView.swift */ = {isa = PBXFileReference; lastKnownFileType = sourcecode.swift; path = GraphView.swift; sourceTree = "<group>"; };
		B229B56D2C40A4B900C4A3FC /* DiskManager.swift */ = {isa = PBXFileReference; lastKnownFileType = sourcecode.swift; path = DiskManager.swift; sourceTree = "<group>"; };
		B229B56F2C40AE3700C4A3FC /* Info.plist */ = {isa = PBXFileReference; lastKnownFileType = text.plist; path = Info.plist; sourceTree = "<group>"; };
		B229B5702C427A1400C4A3FC /* diskio-Bridging-Header.h */ = {isa = PBXFileReference; lastKnownFileType = sourcecode.c.h; path = "diskio-Bridging-Header.h"; sourceTree = "<group>"; };
		B229B5712C427A1400C4A3FC /* disk_speed_test.h */ = {isa = PBXFileReference; lastKnownFileType = sourcecode.c.h; path = disk_speed_test.h; sourceTree = "<group>"; };
		B229B5722C427A1400C4A3FC /* disk_speed_test.c */ = {isa = PBXFileReference; lastKnownFileType = sourcecode.c.c; path = disk_speed_test.c; sourceTree = "<group>"; };
		B229B5742C43CA6B00C4A3FC /* Extensions.swift */ = {isa = PBXFileReference; lastKnownFileType = sourcecode.swift; path = Extensions.swift; sourceTree = "<group>"; };
		B229B5762C43CB5C00C4A3FC /* DiskDetails.swift */ = {isa = PBXFileReference; lastKnownFileType = sourcecode.swift; path = DiskDetails.swift; sourceTree = "<group>"; };
		B256A9B02C39C14200A10BA5 /* diskio.app */ = {isa = PBXFileReference; explicitFileType = wrapper.application; includeInIndex = 0; path = diskio.app; sourceTree = BUILT_PRODUCTS_DIR; };
		B256A9B52C39C14200A10BA5 /* ContentView.swift */ = {isa = PBXFileReference; lastKnownFileType = sourcecode.swift; path = ContentView.swift; sourceTree = "<group>"; };
		B256A9B72C39C14400A10BA5 /* Assets.xcassets */ = {isa = PBXFileReference; lastKnownFileType = folder.assetcatalog; path = Assets.xcassets; sourceTree = "<group>"; };
		B256A9BC2C39C14400A10BA5 /* diskio.entitlements */ = {isa = PBXFileReference; lastKnownFileType = text.plist.entitlements; path = diskio.entitlements; sourceTree = "<group>"; };
		B256A9E82C3A079300A10BA5 /* GaugeView.swift */ = {isa = PBXFileReference; lastKnownFileType = sourcecode.swift; path = GaugeView.swift; sourceTree = "<group>"; };
		B2B2D43C2C3A2CBE0075FAF0 /* ResultsView.swift */ = {isa = PBXFileReference; lastKnownFileType = sourcecode.swift; path = ResultsView.swift; sourceTree = "<group>"; };
		B2B2D43E2C3A2F380075FAF0 /* DiskIOView.swift */ = {isa = PBXFileReference; lastKnownFileType = sourcecode.swift; path = DiskIOView.swift; sourceTree = "<group>"; };
		B2B2D4402C3A2F590075FAF0 /* DiskIO.swift */ = {isa = PBXFileReference; lastKnownFileType = sourcecode.swift; path = DiskIO.swift; sourceTree = "<group>"; };
		B2B2D4462C3A3F2B0075FAF0 /* AppDelegate.swift */ = {isa = PBXFileReference; lastKnownFileType = sourcecode.swift; path = AppDelegate.swift; sourceTree = "<group>"; };
/* End PBXFileReference section */

/* Begin PBXFrameworksBuildPhase section */
		B256A9AD2C39C14200A10BA5 /* Frameworks */ = {
			isa = PBXFrameworksBuildPhase;
			buildActionMask = 2147483647;
			files = (
			);
			runOnlyForDeploymentPostprocessing = 0;
		};
/* End PBXFrameworksBuildPhase section */

/* Begin PBXGroup section */
		B256A9A72C39C14200A10BA5 = {
			isa = PBXGroup;
			children = (
				B256A9B22C39C14200A10BA5 /* diskio */,
				B256A9B12C39C14200A10BA5 /* Products */,
			);
			sourceTree = "<group>";
		};
		B256A9B12C39C14200A10BA5 /* Products */ = {
			isa = PBXGroup;
			children = (
				B256A9B02C39C14200A10BA5 /* diskio.app */,
			);
			name = Products;
			sourceTree = "<group>";
		};
		B256A9B22C39C14200A10BA5 /* diskio */ = {
			isa = PBXGroup;
			children = (
				B229B56F2C40AE3700C4A3FC /* Info.plist */,
				B2B2D4462C3A3F2B0075FAF0 /* AppDelegate.swift */,
				B256A9B52C39C14200A10BA5 /* ContentView.swift */,
				B256A9E82C3A079300A10BA5 /* GaugeView.swift */,
				B256A9B72C39C14400A10BA5 /* Assets.xcassets */,
				B256A9BC2C39C14400A10BA5 /* diskio.entitlements */,
				B2B2D43C2C3A2CBE0075FAF0 /* ResultsView.swift */,
				B2B2D43E2C3A2F380075FAF0 /* DiskIOView.swift */,
				B2B2D4402C3A2F590075FAF0 /* DiskIO.swift */,
				B229B56B2C3F5B9200C4A3FC /* GraphView.swift */,
				B229B56D2C40A4B900C4A3FC /* DiskManager.swift */,
				B229B5742C43CA6B00C4A3FC /* Extensions.swift */,
				B229B5762C43CB5C00C4A3FC /* DiskDetails.swift */,
				B229B5712C427A1400C4A3FC /* disk_speed_test.h */,
				B229B5722C427A1400C4A3FC /* disk_speed_test.c */,
				B229B5702C427A1400C4A3FC /* diskio-Bridging-Header.h */,
			);
			path = diskio;
			sourceTree = "<group>";
		};
/* End PBXGroup section */

/* Begin PBXNativeTarget section */
		B256A9AF2C39C14200A10BA5 /* diskio */ = {
			isa = PBXNativeTarget;
			buildConfigurationList = B256A9D52C39C14400A10BA5 /* Build configuration list for PBXNativeTarget "diskio" */;
			buildPhases = (
				B256A9AC2C39C14200A10BA5 /* Sources */,
				B256A9AD2C39C14200A10BA5 /* Frameworks */,
				B256A9AE2C39C14200A10BA5 /* Resources */,
			);
			buildRules = (
			);
			dependencies = (
			);
			name = diskio;
			productName = diskio;
			productReference = B256A9B02C39C14200A10BA5 /* diskio.app */;
			productType = "com.apple.product-type.application";
		};
/* End PBXNativeTarget section */

/* Begin PBXProject section */
		B256A9A82C39C14200A10BA5 /* Project object */ = {
			isa = PBXProject;
			attributes = {
				BuildIndependentTargetsInParallel = 1;
				LastSwiftUpdateCheck = 1540;
				LastUpgradeCheck = 1540;
				TargetAttributes = {
					B256A9AF2C39C14200A10BA5 = {
						CreatedOnToolsVersion = 15.4;
						LastSwiftMigration = 1540;
					};
				};
			};
			buildConfigurationList = B256A9AB2C39C14200A10BA5 /* Build configuration list for PBXProject "diskio" */;
			compatibilityVersion = "Xcode 14.0";
			developmentRegion = en;
			hasScannedForEncodings = 0;
			knownRegions = (
				en,
				Base,
			);
			mainGroup = B256A9A72C39C14200A10BA5;
			productRefGroup = B256A9B12C39C14200A10BA5 /* Products */;
			projectDirPath = "";
			projectRoot = "";
			targets = (
				B256A9AF2C39C14200A10BA5 /* diskio */,
			);
		};
/* End PBXProject section */

/* Begin PBXResourcesBuildPhase section */
		B256A9AE2C39C14200A10BA5 /* Resources */ = {
			isa = PBXResourcesBuildPhase;
			buildActionMask = 2147483647;
			files = (
				B256A9B82C39C14400A10BA5 /* Assets.xcassets in Resources */,
			);
			runOnlyForDeploymentPostprocessing = 0;
		};
/* End PBXResourcesBuildPhase section */

/* Begin PBXSourcesBuildPhase section */
		B256A9AC2C39C14200A10BA5 /* Sources */ = {
			isa = PBXSourcesBuildPhase;
			buildActionMask = 2147483647;
			files = (
				B229B56E2C40A4B900C4A3FC /* DiskManager.swift in Sources */,
				B229B5772C43CB5C00C4A3FC /* DiskDetails.swift in Sources */,
				B2B2D4472C3A3F2B0075FAF0 /* AppDelegate.swift in Sources */,
				B229B5732C427A1400C4A3FC /* disk_speed_test.c in Sources */,
				B2B2D4412C3A2F590075FAF0 /* DiskIO.swift in Sources */,
				B229B56C2C3F5B9200C4A3FC /* GraphView.swift in Sources */,
				B2B2D43F2C3A2F380075FAF0 /* DiskIOView.swift in Sources */,
				B2B2D43D2C3A2CBE0075FAF0 /* ResultsView.swift in Sources */,
				B256A9B62C39C14200A10BA5 /* ContentView.swift in Sources */,
				B229B5752C43CA6B00C4A3FC /* Extensions.swift in Sources */,
				B256A9E92C3A079300A10BA5 /* GaugeView.swift in Sources */,
			);
			runOnlyForDeploymentPostprocessing = 0;
		};
/* End PBXSourcesBuildPhase section */

/* Begin XCBuildConfiguration section */
		B256A9D32C39C14400A10BA5 /* Debug */ = {
			isa = XCBuildConfiguration;
			buildSettings = {
				ALWAYS_SEARCH_USER_PATHS = NO;
				ASSETCATALOG_COMPILER_GENERATE_SWIFT_ASSET_SYMBOL_EXTENSIONS = YES;
				CLANG_ANALYZER_NONNULL = YES;
				CLANG_ANALYZER_NUMBER_OBJECT_CONVERSION = YES_AGGRESSIVE;
				CLANG_CXX_LANGUAGE_STANDARD = "gnu++20";
				CLANG_ENABLE_MODULES = YES;
				CLANG_ENABLE_OBJC_ARC = YES;
				CLANG_ENABLE_OBJC_WEAK = YES;
				CLANG_WARN_BLOCK_CAPTURE_AUTORELEASING = YES;
				CLANG_WARN_BOOL_CONVERSION = YES;
				CLANG_WARN_COMMA = YES;
				CLANG_WARN_CONSTANT_CONVERSION = YES;
				CLANG_WARN_DEPRECATED_OBJC_IMPLEMENTATIONS = YES;
				CLANG_WARN_DIRECT_OBJC_ISA_USAGE = YES_ERROR;
				CLANG_WARN_DOCUMENTATION_COMMENTS = YES;
				CLANG_WARN_EMPTY_BODY = YES;
				CLANG_WARN_ENUM_CONVERSION = YES;
				CLANG_WARN_INFINITE_RECURSION = YES;
				CLANG_WARN_INT_CONVERSION = YES;
				CLANG_WARN_NON_LITERAL_NULL_CONVERSION = YES;
				CLANG_WARN_OBJC_IMPLICIT_RETAIN_SELF = YES;
				CLANG_WARN_OBJC_LITERAL_CONVERSION = YES;
				CLANG_WARN_OBJC_ROOT_CLASS = YES_ERROR;
				CLANG_WARN_QUOTED_INCLUDE_IN_FRAMEWORK_HEADER = YES;
				CLANG_WARN_RANGE_LOOP_ANALYSIS = YES;
				CLANG_WARN_STRICT_PROTOTYPES = YES;
				CLANG_WARN_SUSPICIOUS_MOVE = YES;
				CLANG_WARN_UNGUARDED_AVAILABILITY = YES_AGGRESSIVE;
				CLANG_WARN_UNREACHABLE_CODE = YES;
				CLANG_WARN__DUPLICATE_METHOD_MATCH = YES;
				COPY_PHASE_STRIP = NO;
				DEBUG_INFORMATION_FORMAT = dwarf;
				ENABLE_STRICT_OBJC_MSGSEND = YES;
				ENABLE_TESTABILITY = YES;
				ENABLE_USER_SCRIPT_SANDBOXING = YES;
				GCC_C_LANGUAGE_STANDARD = gnu17;
				GCC_DYNAMIC_NO_PIC = NO;
				GCC_NO_COMMON_BLOCKS = YES;
				GCC_OPTIMIZATION_LEVEL = 0;
				GCC_PREPROCESSOR_DEFINITIONS = (
					"DEBUG=1",
					"$(inherited)",
				);
				GCC_WARN_64_TO_32_BIT_CONVERSION = YES;
				GCC_WARN_ABOUT_RETURN_TYPE = YES_ERROR;
				GCC_WARN_UNDECLARED_SELECTOR = YES;
				GCC_WARN_UNINITIALIZED_AUTOS = YES_AGGRESSIVE;
				GCC_WARN_UNUSED_FUNCTION = YES;
				GCC_WARN_UNUSED_VARIABLE = YES;
				LOCALIZATION_PREFERS_STRING_CATALOGS = YES;
				MACOSX_DEPLOYMENT_TARGET = 14.3;
				MTL_ENABLE_DEBUG_INFO = INCLUDE_SOURCE;
				MTL_FAST_MATH = YES;
				ONLY_ACTIVE_ARCH = YES;
				SDKROOT = macosx;
				SWIFT_ACTIVE_COMPILATION_CONDITIONS = "DEBUG $(inherited)";
				SWIFT_OPTIMIZATION_LEVEL = "-Onone";
			};
			name = Debug;
		};
		B256A9D42C39C14400A10BA5 /* Release */ = {
			isa = XCBuildConfiguration;
			buildSettings = {
				ALWAYS_SEARCH_USER_PATHS = NO;
				ASSETCATALOG_COMPILER_GENERATE_SWIFT_ASSET_SYMBOL_EXTENSIONS = YES;
				CLANG_ANALYZER_NONNULL = YES;
				CLANG_ANALYZER_NUMBER_OBJECT_CONVERSION = YES_AGGRESSIVE;
				CLANG_CXX_LANGUAGE_STANDARD = "gnu++20";
				CLANG_ENABLE_MODULES = YES;
				CLANG_ENABLE_OBJC_ARC = YES;
				CLANG_ENABLE_OBJC_WEAK = YES;
				CLANG_WARN_BLOCK_CAPTURE_AUTORELEASING = YES;
				CLANG_WARN_BOOL_CONVERSION = YES;
				CLANG_WARN_COMMA = YES;
				CLANG_WARN_CONSTANT_CONVERSION = YES;
				CLANG_WARN_DEPRECATED_OBJC_IMPLEMENTATIONS = YES;
				CLANG_WARN_DIRECT_OBJC_ISA_USAGE = YES_ERROR;
				CLANG_WARN_DOCUMENTATION_COMMENTS = YES;
				CLANG_WARN_EMPTY_BODY = YES;
				CLANG_WARN_ENUM_CONVERSION = YES;
				CLANG_WARN_INFINITE_RECURSION = YES;
				CLANG_WARN_INT_CONVERSION = YES;
				CLANG_WARN_NON_LITERAL_NULL_CONVERSION = YES;
				CLANG_WARN_OBJC_IMPLICIT_RETAIN_SELF = YES;
				CLANG_WARN_OBJC_LITERAL_CONVERSION = YES;
				CLANG_WARN_OBJC_ROOT_CLASS = YES_ERROR;
				CLANG_WARN_QUOTED_INCLUDE_IN_FRAMEWORK_HEADER = YES;
				CLANG_WARN_RANGE_LOOP_ANALYSIS = YES;
				CLANG_WARN_STRICT_PROTOTYPES = YES;
				CLANG_WARN_SUSPICIOUS_MOVE = YES;
				CLANG_WARN_UNGUARDED_AVAILABILITY = YES_AGGRESSIVE;
				CLANG_WARN_UNREACHABLE_CODE = YES;
				CLANG_WARN__DUPLICATE_METHOD_MATCH = YES;
				COPY_PHASE_STRIP = NO;
				DEBUG_INFORMATION_FORMAT = "dwarf-with-dsym";
				ENABLE_NS_ASSERTIONS = NO;
				ENABLE_STRICT_OBJC_MSGSEND = YES;
				ENABLE_USER_SCRIPT_SANDBOXING = YES;
				GCC_C_LANGUAGE_STANDARD = gnu17;
				GCC_NO_COMMON_BLOCKS = YES;
				GCC_WARN_64_TO_32_BIT_CONVERSION = YES;
				GCC_WARN_ABOUT_RETURN_TYPE = YES_ERROR;
				GCC_WARN_UNDECLARED_SELECTOR = YES;
				GCC_WARN_UNINITIALIZED_AUTOS = YES_AGGRESSIVE;
				GCC_WARN_UNUSED_FUNCTION = YES;
				GCC_WARN_UNUSED_VARIABLE = YES;
				LOCALIZATION_PREFERS_STRING_CATALOGS = YES;
				MACOSX_DEPLOYMENT_TARGET = 14.3;
				MTL_ENABLE_DEBUG_INFO = NO;
				MTL_FAST_MATH = YES;
				SDKROOT = macosx;
				SWIFT_COMPILATION_MODE = wholemodule;
			};
			name = Release;
		};
		B256A9D62C39C14400A10BA5 /* Debug */ = {
			isa = XCBuildConfiguration;
			buildSettings = {
				ASSETCATALOG_COMPILER_APPICON_NAME = AppIcon;
				ASSETCATALOG_COMPILER_GLOBAL_ACCENT_COLOR_NAME = AccentColor;
				CLANG_ENABLE_MODULES = YES;
				CODE_SIGN_ENTITLEMENTS = diskio/diskio.entitlements;
				CODE_SIGN_STYLE = Automatic;
				COMBINE_HIDPI_IMAGES = YES;
				CURRENT_PROJECT_VERSION = 1;
				DEVELOPMENT_ASSET_PATHS = "\"diskio/Preview Content\"";
				DEVELOPMENT_TEAM = C34PLNFGS6;
				ENABLE_HARDENED_RUNTIME = YES;
				ENABLE_PREVIEWS = YES;
				GENERATE_INFOPLIST_FILE = YES;
				INFOPLIST_FILE = diskio/Info.plist;
				INFOPLIST_KEY_LSApplicationCategoryType = "public.app-category.utilities";
				INFOPLIST_KEY_NSHumanReadableCopyright = "";
				INFOPLIST_KEY_NSNetworkVolumesUsageDescription = "The app need access to removable volumes to perform disk I/O tests";
				INFOPLIST_KEY_NSRemovableVolumesUsageDescription = "The app need access to removable volumes to perform disk I/O tests";
				INFOPLIST_PREPROCESS = YES;
				LD_RUNPATH_SEARCH_PATHS = (
					"$(inherited)",
					"@executable_path/../Frameworks",
				);
				MACOSX_DEPLOYMENT_TARGET = 12.0;
				MARKETING_VERSION = 1.0.0;
				PRODUCT_BUNDLE_IDENTIFIER = com.oct4pie.diskio;
				PRODUCT_NAME = "$(TARGET_NAME)";
				SWIFT_EMIT_LOC_STRINGS = YES;
				SWIFT_OBJC_BRIDGING_HEADER = "diskio/diskio-Bridging-Header.h";
				SWIFT_OPTIMIZATION_LEVEL = "-Onone";
				SWIFT_VERSION = 5.0;
			};
			name = Debug;
		};
		B256A9D72C39C14400A10BA5 /* Release */ = {
			isa = XCBuildConfiguration;
			buildSettings = {
				ASSETCATALOG_COMPILER_APPICON_NAME = AppIcon;
				ASSETCATALOG_COMPILER_GLOBAL_ACCENT_COLOR_NAME = AccentColor;
				CLANG_ENABLE_MODULES = YES;
				CODE_SIGN_ENTITLEMENTS = diskio/diskio.entitlements;
				CODE_SIGN_STYLE = Automatic;
				COMBINE_HIDPI_IMAGES = YES;
				CURRENT_PROJECT_VERSION = 1;
				DEVELOPMENT_ASSET_PATHS = "\"diskio/Preview Content\"";
				DEVELOPMENT_TEAM = C34PLNFGS6;
				ENABLE_HARDENED_RUNTIME = YES;
				ENABLE_PREVIEWS = YES;
				GENERATE_INFOPLIST_FILE = YES;
				INFOPLIST_FILE = diskio/Info.plist;
				INFOPLIST_KEY_LSApplicationCategoryType = "public.app-category.utilities";
				INFOPLIST_KEY_NSHumanReadableCopyright = "";
				INFOPLIST_KEY_NSNetworkVolumesUsageDescription = "The app need access to removable volumes to perform disk I/O tests";
				INFOPLIST_KEY_NSRemovableVolumesUsageDescription = "The app need access to removable volumes to perform disk I/O tests";
				INFOPLIST_PREPROCESS = YES;
				LD_RUNPATH_SEARCH_PATHS = (
					"$(inherited)",
					"@executable_path/../Frameworks",
				);
				MACOSX_DEPLOYMENT_TARGET = 12.0;
				MARKETING_VERSION = 1.0.0;
				PRODUCT_BUNDLE_IDENTIFIER = com.oct4pie.diskio;
				PRODUCT_NAME = "$(TARGET_NAME)";
				SWIFT_EMIT_LOC_STRINGS = YES;
				SWIFT_OBJC_BRIDGING_HEADER = "diskio/diskio-Bridging-Header.h";
				SWIFT_VERSION = 5.0;
			};
			name = Release;
		};
/* End XCBuildConfiguration section */

/* Begin XCConfigurationList section */
		B256A9AB2C39C14200A10BA5 /* Build configuration list for PBXProject "diskio" */ = {
			isa = XCConfigurationList;
			buildConfigurations = (
				B256A9D32C39C14400A10BA5 /* Debug */,
				B256A9D42C39C14400A10BA5 /* Release */,
			);
			defaultConfigurationIsVisible = 0;
			defaultConfigurationName = Release;
		};
		B256A9D52C39C14400A10BA5 /* Build configuration list for PBXNativeTarget "diskio" */ = {
			isa = XCConfigurationList;
			buildConfigurations = (
				B256A9D62C39C14400A10BA5 /* Debug */,
				B256A9D72C39C14400A10BA5 /* Release */,
			);
			defaultConfigurationIsVisible = 0;
			defaultConfigurationName = Release;
		};
/* End XCConfigurationList section */
	};
	rootObject = B256A9A82C39C14200A10BA5 /* Project object */;
}
